
Microsoft Visual Studio Solution File, Format Version 12.00
# Visual Studio Version 16
VisualStudioVersion = 16.0.29728.190
MinimumVisualStudioVersion = 10.0.40219.1
Project("{FAE04EC0-301F-11D3-BF4B-00C04F79EFBC}") = "DrinksMachine", "DrinksMachine\DrinksMachine.csproj", "{7D6793BB-7ABD-49C5-8CC0-22A150F3F698}"
EndProject
Global
	GlobalSection(SolutionConfigurationPlatforms) = preSolution
		Debug|Any CPU = Debug|Any CPU
		Release|Any CPU = Release|Any CPU
	EndGlobalSection
	GlobalSection(ProjectConfigurationPlatforms) = postSolution
		{7D6793BB-7ABD-49C5-8CC0-22A150F3F698}.Debug|Any CPU.ActiveCfg = Debug|Any CPU
		{7D6793BB-7ABD-49C5-8CC0-22A150F3F698}.Debug|Any CPU.Build.0 = Debug|Any CPU
		{7D6793BB-7ABD-49C5-8CC0-22A150F3F698}.Release|Any CPU.ActiveCfg = Release|Any CPU
		{7D6793BB-7ABD-49C5-8CC0-22A150F3F698}.Release|Any CPU.Build.0 = Release|Any CPU
	EndGlobalSection
	GlobalSection(SolutionProperties) = preSolution
		HideSolutionNode = FALSE
	EndGlobalSection
	GlobalSection(ExtensibilityGlobals) = postSolution
		SolutionGuid = {69DD731C-453D-4796-9B52-ED07C40F0045}
	EndGlobalSection
EndGlobal
